
Microsoft Visual Studio Solution File, Format Version 12.00
# Visual Studio Version 17
VisualStudioVersion = 17.2.32630.192
MinimumVisualStudioVersion = 10.0.40219.1
Project("{FAE04EC0-301F-11D3-BF4B-00C04F79EFBC}") = "TestProgram", "TestProgram\TestProgram.csproj", "{0340F493-A6DC-4116-8A0A-0FABE039AFD8}"
EndProject
Project("{FAE04EC0-301F-11D3-BF4B-00C04F79EFBC}") = "Domain", "..\Domain\Domain.csproj", "{99E5989D-5327-4F5D-AE95-2E9092123A4E}"
EndProject
Global
	GlobalSection(SolutionConfigurationPlatforms) = preSolution
		Debug|Any CPU = Debug|Any CPU
		Release|Any CPU = Release|Any CPU
	EndGlobalSection
	GlobalSection(ProjectConfigurationPlatforms) = postSolution
		{0340F493-A6DC-4116-8A0A-0FABE039AFD8}.Debug|Any CPU.ActiveCfg = Debug|Any CPU
		{0340F493-A6DC-4116-8A0A-0FABE039AFD8}.Debug|Any CPU.Build.0 = Debug|Any CPU
		{0340F493-A6DC-4116-8A0A-0FABE039AFD8}.Release|Any CPU.ActiveCfg = Release|Any CPU
		{0340F493-A6DC-4116-8A0A-0FABE039AFD8}.Release|Any CPU.Build.0 = Release|Any CPU
		{99E5989D-5327-4F5D-AE95-2E9092123A4E}.Debug|Any CPU.ActiveCfg = Debug|Any CPU
		{99E5989D-5327-4F5D-AE95-2E9092123A4E}.Debug|Any CPU.Build.0 = Debug|Any CPU
		{99E5989D-5327-4F5D-AE95-2E9092123A4E}.Release|Any CPU.ActiveCfg = Release|Any CPU
		{99E5989D-5327-4F5D-AE95-2E9092123A4E}.Release|Any CPU.Build.0 = Release|Any CPU
	EndGlobalSection
	GlobalSection(SolutionProperties) = preSolution
		HideSolutionNode = FALSE
	EndGlobalSection
	GlobalSection(ExtensibilityGlobals) = postSolution
		SolutionGuid = {76457027-148C-4B69-88BF-AD06ED489D70}
	EndGlobalSection
EndGlobal
